// !$*UTF8*$!
{
	archiveVersion = 1;
	classes = {
	};
	objectVersion = 46;
	objects = {

/* Begin PBXBuildFile section */
		5505BCB51CAF82DC0063B97C /* YXSetttingViewController.m in Sources */ = {isa = PBXBuildFile; fileRef = 5505BCB41CAF82DC0063B97C /* YXSetttingViewController.m */; };
		5505BCC31CAF870A0063B97C /* LaunchImage-568h@2x.png in Resources */ = {isa = PBXBuildFile; fileRef = 5505BCBC1CAF870A0063B97C /* LaunchImage-568h@2x.png */; };
		5505BCC41CAF870A0063B97C /* LaunchImage-700-568h@2x.png in Resources */ = {isa = PBXBuildFile; fileRef = 5505BCBD1CAF870A0063B97C /* LaunchImage-700-568h@2x.png */; };
		5505BCC51CAF870A0063B97C /* LaunchImage-700@2x.png in Resources */ = {isa = PBXBuildFile; fileRef = 5505BCBE1CAF870A0063B97C /* LaunchImage-700@2x.png */; };
		5505BCC61CAF870A0063B97C /* LaunchImage-800-667h@2x.png in Resources */ = {isa = PBXBuildFile; fileRef = 5505BCBF1CAF870A0063B97C /* LaunchImage-800-667h@2x.png */; };
		5505BCC71CAF870A0063B97C /* LaunchImage-800-Portrait-736h@3x.png in Resources */ = {isa = PBXBuildFile; fileRef = 5505BCC01CAF870A0063B97C /* LaunchImage-800-Portrait-736h@3x.png */; };
		5505BCC81CAF870A0063B97C /* LaunchImage.png in Resources */ = {isa = PBXBuildFile; fileRef = 5505BCC11CAF870A0063B97C /* LaunchImage.png */; };
		5505BCC91CAF870A0063B97C /* LaunchImage@2x.png in Resources */ = {isa = PBXBuildFile; fileRef = 5505BCC21CAF870A0063B97C /* LaunchImage@2x.png */; };
		551DBD511CB3A12D00482B61 /* YXADViewController.m in Sources */ = {isa = PBXBuildFile; fileRef = 551DBD4D1CB3A12D00482B61 /* YXADViewController.m */; };
		551DBD521CB3A12D00482B61 /* YXADViewController.xib in Resources */ = {isa = PBXBuildFile; fileRef = 551DBD4E1CB3A12D00482B61 /* YXADViewController.xib */; };
		551DBD551CB3A13D00482B61 /* YXADItem.m in Sources */ = {isa = PBXBuildFile; fileRef = 551DBD541CB3A13D00482B61 /* YXADItem.m */; };
		551DBD661CB3A2D100482B61 /* UIBarButtonItem+YXItem.m in Sources */ = {isa = PBXBuildFile; fileRef = 551DBD5B1CB3A2D100482B61 /* UIBarButtonItem+YXItem.m */; };
		551DBD671CB3A2D100482B61 /* UITableView+Extension.m in Sources */ = {isa = PBXBuildFile; fileRef = 551DBD5D1CB3A2D100482B61 /* UITableView+Extension.m */; };
		551DBD681CB3A2D100482B61 /* UIView+Frame.m in Sources */ = {isa = PBXBuildFile; fileRef = 551DBD5F1CB3A2D100482B61 /* UIView+Frame.m */; };
		551DBD691CB3A2D100482B61 /* YXHttpTool.m in Sources */ = {isa = PBXBuildFile; fileRef = 551DBD631CB3A2D100482B61 /* YXHttpTool.m */; };
		551DBD6A1CB3A2D100482B61 /* YXRequestData.m in Sources */ = {isa = PBXBuildFile; fileRef = 551DBD651CB3A2D100482B61 /* YXRequestData.m */; };
		551DBD6D1CB3A2E500482B61 /* YXConst.m in Sources */ = {isa = PBXBuildFile; fileRef = 551DBD6C1CB3A2E500482B61 /* YXConst.m */; };
		551DBD701CB3D02800482B61 /* YXSubscribeTagViewController.m in Sources */ = {isa = PBXBuildFile; fileRef = 551DBD6F1CB3D02800482B61 /* YXSubscribeTagViewController.m */; };
		551DBD721CB3D0B500482B61 /* YXSubscribeTagViewController.storyboard in Resources */ = {isa = PBXBuildFile; fileRef = 551DBD711CB3D0B500482B61 /* YXSubscribeTagViewController.storyboard */; };
		551DBD751CB3D2BC00482B61 /* YXSubscribeTagItem.m in Sources */ = {isa = PBXBuildFile; fileRef = 551DBD741CB3D2BC00482B61 /* YXSubscribeTagItem.m */; };
		551DBD781CB3D41300482B61 /* YXSubscribeTagCell.m in Sources */ = {isa = PBXBuildFile; fileRef = 551DBD771CB3D41300482B61 /* YXSubscribeTagCell.m */; };
		551DBD7B1CB3DF8900482B61 /* UIImage+image.m in Sources */ = {isa = PBXBuildFile; fileRef = 551DBD7A1CB3DF8900482B61 /* UIImage+image.m */; };
		551DBD7D1CB3E3C000482B61 /* YXFriendTrendsViewController.xib in Resources */ = {isa = PBXBuildFile; fileRef = 551DBD7C1CB3E3C000482B61 /* YXFriendTrendsViewController.xib */; };
		551DBD811CB3E56D00482B61 /* YXLoginRegisterViewController.m in Sources */ = {isa = PBXBuildFile; fileRef = 551DBD7F1CB3E56D00482B61 /* YXLoginRegisterViewController.m */; };
		551DBD821CB3E56D00482B61 /* YXLoginRegisterViewController.xib in Resources */ = {isa = PBXBuildFile; fileRef = 551DBD801CB3E56D00482B61 /* YXLoginRegisterViewController.xib */; };
		551DBD851CB3EBDD00482B61 /* YXLoginRegisterView.m in Sources */ = {isa = PBXBuildFile; fileRef = 551DBD841CB3EBDD00482B61 /* YXLoginRegisterView.m */; };
		551DBD871CB3EBE700482B61 /* YXLoginRegisterView.xib in Resources */ = {isa = PBXBuildFile; fileRef = 551DBD861CB3EBE700482B61 /* YXLoginRegisterView.xib */; };
		5569CEEF1CB51D61006EB7A0 /* UITextField+placeholder.m in Sources */ = {isa = PBXBuildFile; fileRef = 5569CEEE1CB51D61006EB7A0 /* UITextField+placeholder.m */; };
		5569CEF11CB5201F006EB7A0 /* YXMeViewController.storyboard in Resources */ = {isa = PBXBuildFile; fileRef = 5569CEF01CB5201F006EB7A0 /* YXMeViewController.storyboard */; };
		5569CEF51CB52300006EB7A0 /* YXMeSquareCell.m in Sources */ = {isa = PBXBuildFile; fileRef = 5569CEF31CB52300006EB7A0 /* YXMeSquareCell.m */; };
		5569CEF61CB52300006EB7A0 /* YXMeSquareCell.xib in Resources */ = {isa = PBXBuildFile; fileRef = 5569CEF41CB52300006EB7A0 /* YXMeSquareCell.xib */; };
		5569CEF91CB527D2006EB7A0 /* YXMeSquareItem.m in Sources */ = {isa = PBXBuildFile; fileRef = 5569CEF81CB527D2006EB7A0 /* YXMeSquareItem.m */; };
		5569CEFD1CB52E08006EB7A0 /* YXWebViewController.m in Sources */ = {isa = PBXBuildFile; fileRef = 5569CEFB1CB52E08006EB7A0 /* YXWebViewController.m */; };
		5569CEFE1CB52E08006EB7A0 /* YXWebViewController.xib in Resources */ = {isa = PBXBuildFile; fileRef = 5569CEFC1CB52E08006EB7A0 /* YXWebViewController.xib */; };
		5569CF021CB53675006EB7A0 /* YXFileManager.m in Sources */ = {isa = PBXBuildFile; fileRef = 5569CF011CB53675006EB7A0 /* YXFileManager.m */; };
		5569CF041CB554CF006EB7A0 /* WebKit.framework in Frameworks */ = {isa = PBXBuildFile; fileRef = 5569CF031CB554CF006EB7A0 /* WebKit.framework */; };
		55C289A81CAE2E1F0092A897 /* YXTabBar.m in Sources */ = {isa = PBXBuildFile; fileRef = 55C289A71CAE2E1F0092A897 /* YXTabBar.m */; };
		55C3E6841CAD0A5800AA1FBF /* Assets.xcassets in Resources */ = {isa = PBXBuildFile; fileRef = 55C3E6831CAD0A5800AA1FBF /* Assets.xcassets */; };
		55C3E6951CAD1E8000AA1FBF /* AppDelegate.m in Sources */ = {isa = PBXBuildFile; fileRef = 55C3E6931CAD1E8000AA1FBF /* AppDelegate.m */; };
		55C3E6961CAD1E8000AA1FBF /* main.m in Sources */ = {isa = PBXBuildFile; fileRef = 55C3E6941CAD1E8000AA1FBF /* main.m */; };
		55C3E69A1CAD2B0700AA1FBF /* YXNavigationController.m in Sources */ = {isa = PBXBuildFile; fileRef = 55C3E6991CAD2B0700AA1FBF /* YXNavigationController.m */; };
		55C3E69D1CAD2B1D00AA1FBF /* YXTabBarController.m in Sources */ = {isa = PBXBuildFile; fileRef = 55C3E69C1CAD2B1D00AA1FBF /* YXTabBarController.m */; };
		55C3E6BF1CAD317300AA1FBF /* YXEssenceViewController.m in Sources */ = {isa = PBXBuildFile; fileRef = 55C3E6BE1CAD317300AA1FBF /* YXEssenceViewController.m */; };
		55C3E6C21CAD31D800AA1FBF /* YXFriendTrendsViewController.m in Sources */ = {isa = PBXBuildFile; fileRef = 55C3E6C11CAD31D800AA1FBF /* YXFriendTrendsViewController.m */; };
		55C3E6C51CAD31E000AA1FBF /* YXMeViewController.m in Sources */ = {isa = PBXBuildFile; fileRef = 55C3E6C41CAD31E000AA1FBF /* YXMeViewController.m */; };
		55C3E6C81CAD31E700AA1FBF /* YXNewViewController.m in Sources */ = {isa = PBXBuildFile; fileRef = 55C3E6C71CAD31E700AA1FBF /* YXNewViewController.m */; };
		55C3E6CB1CAD320700AA1FBF /* YXPublishViewController.m in Sources */ = {isa = PBXBuildFile; fileRef = 55C3E6CA1CAD320700AA1FBF /* YXPublishViewController.m */; };
		55EDE50E1CB4A47D00A53A49 /* YXLoginTextField.m in Sources */ = {isa = PBXBuildFile; fileRef = 55EDE50D1CB4A47D00A53A49 /* YXLoginTextField.m */; };
		55FC84771CB9175F00E454A3 /* YXTitleViewButton.m in Sources */ = {isa = PBXBuildFile; fileRef = 55FC84761CB9175F00E454A3 /* YXTitleViewButton.m */; };
		55FC847A1CB934F000E454A3 /* YXBaseTableViewController.m in Sources */ = {isa = PBXBuildFile; fileRef = 55FC84791CB934F000E454A3 /* YXBaseTableViewController.m */; };
		55FC847D1CB9350200E454A3 /* YXAllViewController.m in Sources */ = {isa = PBXBuildFile; fileRef = 55FC847C1CB9350200E454A3 /* YXAllViewController.m */; };
		55FC84801CB9351200E454A3 /* YXVideoViewController.m in Sources */ = {isa = PBXBuildFile; fileRef = 55FC847F1CB9351200E454A3 /* YXVideoViewController.m */; };
		55FC84831CB9355A00E454A3 /* YXVoiceViewController.m in Sources */ = {isa = PBXBuildFile; fileRef = 55FC84821CB9355A00E454A3 /* YXVoiceViewController.m */; };
		55FC84861CB9356A00E454A3 /* YXPictureViewController.m in Sources */ = {isa = PBXBuildFile; fileRef = 55FC84851CB9356A00E454A3 /* YXPictureViewController.m */; };
		55FC84891CB9357400E454A3 /* YXWordViewController.m in Sources */ = {isa = PBXBuildFile; fileRef = 55FC84881CB9357400E454A3 /* YXWordViewController.m */; };
		8639905EB0378BB6E5CA8895 /* libPods.a in Frameworks */ = {isa = PBXBuildFile; fileRef = 16E1B0973FB608558841686A /* libPods.a */; };
/* End PBXBuildFile section */

/* Begin PBXFileReference section */
		16E1B0973FB608558841686A /* libPods.a */ = {isa = PBXFileReference; explicitFileType = archive.ar; includeInIndex = 0; path = libPods.a; sourceTree = BUILT_PRODUCTS_DIR; };
		5505BCB31CAF82DC0063B97C /* YXSetttingViewController.h */ = {isa = PBXFileReference; fileEncoding = 4; lastKnownFileType = sourcecode.c.h; path = YXSetttingViewController.h; sourceTree = "<group>"; };
		5505BCB41CAF82DC0063B97C /* YXSetttingViewController.m */ = {isa = PBXFileReference; fileEncoding = 4; lastKnownFileType = sourcecode.c.objc; path = YXSetttingViewController.m; sourceTree = "<group>"; };
		5505BCBC1CAF870A0063B97C /* LaunchImage-568h@2x.png */ = {isa = PBXFileReference; lastKnownFileType = image.png; path = "LaunchImage-568h@2x.png"; sourceTree = "<group>"; };
		5505BCBD1CAF870A0063B97C /* LaunchImage-700-568h@2x.png */ = {isa = PBXFileReference; lastKnownFileType = image.png; path = "LaunchImage-700-568h@2x.png"; sourceTree = "<group>"; };
		5505BCBE1CAF870A0063B97C /* LaunchImage-700@2x.png */ = {isa = PBXFileReference; lastKnownFileType = image.png; path = "LaunchImage-700@2x.png"; sourceTree = "<group>"; };
		5505BCBF1CAF870A0063B97C /* LaunchImage-800-667h@2x.png */ = {isa = PBXFileReference; lastKnownFileType = image.png; path = "LaunchImage-800-667h@2x.png"; sourceTree = "<group>"; };
		5505BCC01CAF870A0063B97C /* LaunchImage-800-Portrait-736h@3x.png */ = {isa = PBXFileReference; lastKnownFileType = image.png; path = "LaunchImage-800-Portrait-736h@3x.png"; sourceTree = "<group>"; };
		5505BCC11CAF870A0063B97C /* LaunchImage.png */ = {isa = PBXFileReference; lastKnownFileType = image.png; path = LaunchImage.png; sourceTree = "<group>"; };
		5505BCC21CAF870A0063B97C /* LaunchImage@2x.png */ = {isa = PBXFileReference; lastKnownFileType = image.png; path = "LaunchImage@2x.png"; sourceTree = "<group>"; };
		551DBD4C1CB3A12D00482B61 /* YXADViewController.h */ = {isa = PBXFileReference; fileEncoding = 4; lastKnownFileType = sourcecode.c.h; path = YXADViewController.h; sourceTree = "<group>"; };
		551DBD4D1CB3A12D00482B61 /* YXADViewController.m */ = {isa = PBXFileReference; fileEncoding = 4; lastKnownFileType = sourcecode.c.objc; path = YXADViewController.m; sourceTree = "<group>"; };
		551DBD4E1CB3A12D00482B61 /* YXADViewController.xib */ = {isa = PBXFileReference; fileEncoding = 4; lastKnownFileType = file.xib; path = YXADViewController.xib; sourceTree = "<group>"; };
		551DBD531CB3A13D00482B61 /* YXADItem.h */ = {isa = PBXFileReference; fileEncoding = 4; lastKnownFileType = sourcecode.c.h; path = YXADItem.h; sourceTree = "<group>"; };
		551DBD541CB3A13D00482B61 /* YXADItem.m */ = {isa = PBXFileReference; fileEncoding = 4; lastKnownFileType = sourcecode.c.objc; path = YXADItem.m; sourceTree = "<group>"; };
		551DBD5A1CB3A2D100482B61 /* UIBarButtonItem+YXItem.h */ = {isa = PBXFileReference; fileEncoding = 4; lastKnownFileType = sourcecode.c.h; path = "UIBarButtonItem+YXItem.h"; sourceTree = "<group>"; };
		551DBD5B1CB3A2D100482B61 /* UIBarButtonItem+YXItem.m */ = {isa = PBXFileReference; fileEncoding = 4; lastKnownFileType = sourcecode.c.objc; path = "UIBarButtonItem+YXItem.m"; sourceTree = "<group>"; };
		551DBD5C1CB3A2D100482B61 /* UITableView+Extension.h */ = {isa = PBXFileReference; fileEncoding = 4; lastKnownFileType = sourcecode.c.h; path = "UITableView+Extension.h"; sourceTree = "<group>"; };
		551DBD5D1CB3A2D100482B61 /* UITableView+Extension.m */ = {isa = PBXFileReference; fileEncoding = 4; lastKnownFileType = sourcecode.c.objc; path = "UITableView+Extension.m"; sourceTree = "<group>"; };
		551DBD5E1CB3A2D100482B61 /* UIView+Frame.h */ = {isa = PBXFileReference; fileEncoding = 4; lastKnownFileType = sourcecode.c.h; path = "UIView+Frame.h"; sourceTree = "<group>"; };
		551DBD5F1CB3A2D100482B61 /* UIView+Frame.m */ = {isa = PBXFileReference; fileEncoding = 4; lastKnownFileType = sourcecode.c.objc; path = "UIView+Frame.m"; sourceTree = "<group>"; };
		551DBD621CB3A2D100482B61 /* YXHttpTool.h */ = {isa = PBXFileReference; fileEncoding = 4; lastKnownFileType = sourcecode.c.h; path = YXHttpTool.h; sourceTree = "<group>"; };
		551DBD631CB3A2D100482B61 /* YXHttpTool.m */ = {isa = PBXFileReference; fileEncoding = 4; lastKnownFileType = sourcecode.c.objc; path = YXHttpTool.m; sourceTree = "<group>"; };
		551DBD641CB3A2D100482B61 /* YXRequestData.h */ = {isa = PBXFileReference; fileEncoding = 4; lastKnownFileType = sourcecode.c.h; path = YXRequestData.h; sourceTree = "<group>"; };
		551DBD651CB3A2D100482B61 /* YXRequestData.m */ = {isa = PBXFileReference; fileEncoding = 4; lastKnownFileType = sourcecode.c.objc; path = YXRequestData.m; sourceTree = "<group>"; };
		551DBD6B1CB3A2E500482B61 /* YXConst.h */ = {isa = PBXFileReference; fileEncoding = 4; lastKnownFileType = sourcecode.c.h; path = YXConst.h; sourceTree = "<group>"; };
		551DBD6C1CB3A2E500482B61 /* YXConst.m */ = {isa = PBXFileReference; fileEncoding = 4; lastKnownFileType = sourcecode.c.objc; path = YXConst.m; sourceTree = "<group>"; };
		551DBD6E1CB3D02800482B61 /* YXSubscribeTagViewController.h */ = {isa = PBXFileReference; fileEncoding = 4; lastKnownFileType = sourcecode.c.h; path = YXSubscribeTagViewController.h; sourceTree = "<group>"; };
		551DBD6F1CB3D02800482B61 /* YXSubscribeTagViewController.m */ = {isa = PBXFileReference; fileEncoding = 4; lastKnownFileType = sourcecode.c.objc; path = YXSubscribeTagViewController.m; sourceTree = "<group>"; };
		551DBD711CB3D0B500482B61 /* YXSubscribeTagViewController.storyboard */ = {isa = PBXFileReference; fileEncoding = 4; lastKnownFileType = file.storyboard; path = YXSubscribeTagViewController.storyboard; sourceTree = "<group>"; };
		551DBD731CB3D2BC00482B61 /* YXSubscribeTagItem.h */ = {isa = PBXFileReference; fileEncoding = 4; lastKnownFileType = sourcecode.c.h; path = YXSubscribeTagItem.h; sourceTree = "<group>"; };
		551DBD741CB3D2BC00482B61 /* YXSubscribeTagItem.m */ = {isa = PBXFileReference; fileEncoding = 4; lastKnownFileType = sourcecode.c.objc; path = YXSubscribeTagItem.m; sourceTree = "<group>"; };
		551DBD761CB3D41300482B61 /* YXSubscribeTagCell.h */ = {isa = PBXFileReference; fileEncoding = 4; lastKnownFileType = sourcecode.c.h; path = YXSubscribeTagCell.h; sourceTree = "<group>"; };
		551DBD771CB3D41300482B61 /* YXSubscribeTagCell.m */ = {isa = PBXFileReference; fileEncoding = 4; lastKnownFileType = sourcecode.c.objc; path = YXSubscribeTagCell.m; sourceTree = "<group>"; };
		551DBD791CB3DF8900482B61 /* UIImage+image.h */ = {isa = PBXFileReference; fileEncoding = 4; lastKnownFileType = sourcecode.c.h; path = "UIImage+image.h"; sourceTree = "<group>"; };
		551DBD7A1CB3DF8900482B61 /* UIImage+image.m */ = {isa = PBXFileReference; fileEncoding = 4; lastKnownFileType = sourcecode.c.objc; path = "UIImage+image.m"; sourceTree = "<group>"; };
		551DBD7C1CB3E3C000482B61 /* YXFriendTrendsViewController.xib */ = {isa = PBXFileReference; fileEncoding = 4; lastKnownFileType = file.xib; path = YXFriendTrendsViewController.xib; sourceTree = "<group>"; };
		551DBD7E1CB3E56D00482B61 /* YXLoginRegisterViewController.h */ = {isa = PBXFileReference; fileEncoding = 4; lastKnownFileType = sourcecode.c.h; path = YXLoginRegisterViewController.h; sourceTree = "<group>"; };
		551DBD7F1CB3E56D00482B61 /* YXLoginRegisterViewController.m */ = {isa = PBXFileReference; fileEncoding = 4; lastKnownFileType = sourcecode.c.objc; path = YXLoginRegisterViewController.m; sourceTree = "<group>"; };
		551DBD801CB3E56D00482B61 /* YXLoginRegisterViewController.xib */ = {isa = PBXFileReference; fileEncoding = 4; lastKnownFileType = file.xib; path = YXLoginRegisterViewController.xib; sourceTree = "<group>"; };
		551DBD831CB3EBDD00482B61 /* YXLoginRegisterView.h */ = {isa = PBXFileReference; fileEncoding = 4; lastKnownFileType = sourcecode.c.h; path = YXLoginRegisterView.h; sourceTree = "<group>"; };
		551DBD841CB3EBDD00482B61 /* YXLoginRegisterView.m */ = {isa = PBXFileReference; fileEncoding = 4; lastKnownFileType = sourcecode.c.objc; path = YXLoginRegisterView.m; sourceTree = "<group>"; };
		551DBD861CB3EBE700482B61 /* YXLoginRegisterView.xib */ = {isa = PBXFileReference; fileEncoding = 4; lastKnownFileType = file.xib; path = YXLoginRegisterView.xib; sourceTree = "<group>"; };
		5569CEED1CB51D61006EB7A0 /* UITextField+placeholder.h */ = {isa = PBXFileReference; fileEncoding = 4; lastKnownFileType = sourcecode.c.h; path = "UITextField+placeholder.h"; sourceTree = "<group>"; };
		5569CEEE1CB51D61006EB7A0 /* UITextField+placeholder.m */ = {isa = PBXFileReference; fileEncoding = 4; lastKnownFileType = sourcecode.c.objc; path = "UITextField+placeholder.m"; sourceTree = "<group>"; };
		5569CEF01CB5201F006EB7A0 /* YXMeViewController.storyboard */ = {isa = PBXFileReference; fileEncoding = 4; lastKnownFileType = file.storyboard; path = YXMeViewController.storyboard; sourceTree = "<group>"; };
		5569CEF21CB52300006EB7A0 /* YXMeSquareCell.h */ = {isa = PBXFileReference; fileEncoding = 4; lastKnownFileType = sourcecode.c.h; path = YXMeSquareCell.h; sourceTree = "<group>"; };
		5569CEF31CB52300006EB7A0 /* YXMeSquareCell.m */ = {isa = PBXFileReference; fileEncoding = 4; lastKnownFileType = sourcecode.c.objc; path = YXMeSquareCell.m; sourceTree = "<group>"; };
		5569CEF41CB52300006EB7A0 /* YXMeSquareCell.xib */ = {isa = PBXFileReference; fileEncoding = 4; lastKnownFileType = file.xib; path = YXMeSquareCell.xib; sourceTree = "<group>"; };
		5569CEF71CB527D2006EB7A0 /* YXMeSquareItem.h */ = {isa = PBXFileReference; fileEncoding = 4; lastKnownFileType = sourcecode.c.h; path = YXMeSquareItem.h; sourceTree = "<group>"; };
		5569CEF81CB527D2006EB7A0 /* YXMeSquareItem.m */ = {isa = PBXFileReference; fileEncoding = 4; lastKnownFileType = sourcecode.c.objc; path = YXMeSquareItem.m; sourceTree = "<group>"; };
		5569CEFA1CB52E08006EB7A0 /* YXWebViewController.h */ = {isa = PBXFileReference; fileEncoding = 4; lastKnownFileType = sourcecode.c.h; path = YXWebViewController.h; sourceTree = "<group>"; };
		5569CEFB1CB52E08006EB7A0 /* YXWebViewController.m */ = {isa = PBXFileReference; fileEncoding = 4; lastKnownFileType = sourcecode.c.objc; path = YXWebViewController.m; sourceTree = "<group>"; };
		5569CEFC1CB52E08006EB7A0 /* YXWebViewController.xib */ = {isa = PBXFileReference; fileEncoding = 4; lastKnownFileType = file.xib; path = YXWebViewController.xib; sourceTree = "<group>"; };
		5569CF001CB53675006EB7A0 /* YXFileManager.h */ = {isa = PBXFileReference; fileEncoding = 4; lastKnownFileType = sourcecode.c.h; path = YXFileManager.h; sourceTree = "<group>"; };
		5569CF011CB53675006EB7A0 /* YXFileManager.m */ = {isa = PBXFileReference; fileEncoding = 4; lastKnownFileType = sourcecode.c.objc; path = YXFileManager.m; sourceTree = "<group>"; };
		5569CF031CB554CF006EB7A0 /* WebKit.framework */ = {isa = PBXFileReference; lastKnownFileType = wrapper.framework; name = WebKit.framework; path = System/Library/Frameworks/WebKit.framework; sourceTree = SDKROOT; };
		55C289A61CAE2E1F0092A897 /* YXTabBar.h */ = {isa = PBXFileReference; fileEncoding = 4; lastKnownFileType = sourcecode.c.h; path = YXTabBar.h; sourceTree = "<group>"; };
		55C289A71CAE2E1F0092A897 /* YXTabBar.m */ = {isa = PBXFileReference; fileEncoding = 4; lastKnownFileType = sourcecode.c.objc; path = YXTabBar.m; sourceTree = "<group>"; };
		55C3E6741CAD0A5800AA1FBF /* BuDeJie.app */ = {isa = PBXFileReference; explicitFileType = wrapper.application; includeInIndex = 0; path = BuDeJie.app; sourceTree = BUILT_PRODUCTS_DIR; };
		55C3E6831CAD0A5800AA1FBF /* Assets.xcassets */ = {isa = PBXFileReference; lastKnownFileType = folder.assetcatalog; path = Assets.xcassets; sourceTree = "<group>"; };
		55C3E6881CAD0A5800AA1FBF /* Info.plist */ = {isa = PBXFileReference; lastKnownFileType = text.plist.xml; path = Info.plist; sourceTree = "<group>"; };
		55C3E6921CAD1E8000AA1FBF /* AppDelegate.h */ = {isa = PBXFileReference; fileEncoding = 4; lastKnownFileType = sourcecode.c.h; name = AppDelegate.h; path = Classes/Others/AppDelegate.h; sourceTree = "<group>"; };
		55C3E6931CAD1E8000AA1FBF /* AppDelegate.m */ = {isa = PBXFileReference; fileEncoding = 4; lastKnownFileType = sourcecode.c.objc; name = AppDelegate.m; path = Classes/Others/AppDelegate.m; sourceTree = "<group>"; };
		55C3E6941CAD1E8000AA1FBF /* main.m */ = {isa = PBXFileReference; fileEncoding = 4; lastKnownFileType = sourcecode.c.objc; name = main.m; path = Classes/Others/main.m; sourceTree = "<group>"; };
		55C3E6981CAD2B0700AA1FBF /* YXNavigationController.h */ = {isa = PBXFileReference; fileEncoding = 4; lastKnownFileType = sourcecode.c.h; path = YXNavigationController.h; sourceTree = "<group>"; };
		55C3E6991CAD2B0700AA1FBF /* YXNavigationController.m */ = {isa = PBXFileReference; fileEncoding = 4; lastKnownFileType = sourcecode.c.objc; path = YXNavigationController.m; sourceTree = "<group>"; };
		55C3E69B1CAD2B1D00AA1FBF /* YXTabBarController.h */ = {isa = PBXFileReference; fileEncoding = 4; lastKnownFileType = sourcecode.c.h; path = YXTabBarController.h; sourceTree = "<group>"; };
		55C3E69C1CAD2B1D00AA1FBF /* YXTabBarController.m */ = {isa = PBXFileReference; fileEncoding = 4; lastKnownFileType = sourcecode.c.objc; path = YXTabBarController.m; sourceTree = "<group>"; };
		55C3E69E1CAD2BF300AA1FBF /* YXBuDeJie.pch */ = {isa = PBXFileReference; lastKnownFileType = sourcecode.c.h; path = YXBuDeJie.pch; sourceTree = "<group>"; };
		55C3E6BD1CAD317300AA1FBF /* YXEssenceViewController.h */ = {isa = PBXFileReference; fileEncoding = 4; lastKnownFileType = sourcecode.c.h; path = YXEssenceViewController.h; sourceTree = "<group>"; };
		55C3E6BE1CAD317300AA1FBF /* YXEssenceViewController.m */ = {isa = PBXFileReference; fileEncoding = 4; lastKnownFileType = sourcecode.c.objc; path = YXEssenceViewController.m; sourceTree = "<group>"; };
		55C3E6C01CAD31D800AA1FBF /* YXFriendTrendsViewController.h */ = {isa = PBXFileReference; fileEncoding = 4; lastKnownFileType = sourcecode.c.h; path = YXFriendTrendsViewController.h; sourceTree = "<group>"; };
		55C3E6C11CAD31D800AA1FBF /* YXFriendTrendsViewController.m */ = {isa = PBXFileReference; fileEncoding = 4; lastKnownFileType = sourcecode.c.objc; path = YXFriendTrendsViewController.m; sourceTree = "<group>"; };
		55C3E6C31CAD31E000AA1FBF /* YXMeViewController.h */ = {isa = PBXFileReference; fileEncoding = 4; lastKnownFileType = sourcecode.c.h; path = YXMeViewController.h; sourceTree = "<group>"; };
		55C3E6C41CAD31E000AA1FBF /* YXMeViewController.m */ = {isa = PBXFileReference; fileEncoding = 4; lastKnownFileType = sourcecode.c.objc; path = YXMeViewController.m; sourceTree = "<group>"; };
		55C3E6C61CAD31E700AA1FBF /* YXNewViewController.h */ = {isa = PBXFileReference; fileEncoding = 4; lastKnownFileType = sourcecode.c.h; path = YXNewViewController.h; sourceTree = "<group>"; };
		55C3E6C71CAD31E700AA1FBF /* YXNewViewController.m */ = {isa = PBXFileReference; fileEncoding = 4; lastKnownFileType = sourcecode.c.objc; path = YXNewViewController.m; sourceTree = "<group>"; };
		55C3E6C91CAD320700AA1FBF /* YXPublishViewController.h */ = {isa = PBXFileReference; fileEncoding = 4; lastKnownFileType = sourcecode.c.h; path = YXPublishViewController.h; sourceTree = "<group>"; };
		55C3E6CA1CAD320700AA1FBF /* YXPublishViewController.m */ = {isa = PBXFileReference; fileEncoding = 4; lastKnownFileType = sourcecode.c.objc; path = YXPublishViewController.m; sourceTree = "<group>"; };
		55EDE50C1CB4A47D00A53A49 /* YXLoginTextField.h */ = {isa = PBXFileReference; fileEncoding = 4; lastKnownFileType = sourcecode.c.h; path = YXLoginTextField.h; sourceTree = "<group>"; };
		55EDE50D1CB4A47D00A53A49 /* YXLoginTextField.m */ = {isa = PBXFileReference; fileEncoding = 4; lastKnownFileType = sourcecode.c.objc; path = YXLoginTextField.m; sourceTree = "<group>"; };
		55FC84751CB9175F00E454A3 /* YXTitleViewButton.h */ = {isa = PBXFileReference; fileEncoding = 4; lastKnownFileType = sourcecode.c.h; path = YXTitleViewButton.h; sourceTree = "<group>"; };
		55FC84761CB9175F00E454A3 /* YXTitleViewButton.m */ = {isa = PBXFileReference; fileEncoding = 4; lastKnownFileType = sourcecode.c.objc; path = YXTitleViewButton.m; sourceTree = "<group>"; };
		55FC84781CB934F000E454A3 /* YXBaseTableViewController.h */ = {isa = PBXFileReference; fileEncoding = 4; lastKnownFileType = sourcecode.c.h; path = YXBaseTableViewController.h; sourceTree = "<group>"; };
		55FC84791CB934F000E454A3 /* YXBaseTableViewController.m */ = {isa = PBXFileReference; fileEncoding = 4; lastKnownFileType = sourcecode.c.objc; path = YXBaseTableViewController.m; sourceTree = "<group>"; };
		55FC847B1CB9350200E454A3 /* YXAllViewController.h */ = {isa = PBXFileReference; fileEncoding = 4; lastKnownFileType = sourcecode.c.h; path = YXAllViewController.h; sourceTree = "<group>"; };
		55FC847C1CB9350200E454A3 /* YXAllViewController.m */ = {isa = PBXFileReference; fileEncoding = 4; lastKnownFileType = sourcecode.c.objc; path = YXAllViewController.m; sourceTree = "<group>"; };
		55FC847E1CB9351200E454A3 /* YXVideoViewController.h */ = {isa = PBXFileReference; fileEncoding = 4; lastKnownFileType = sourcecode.c.h; path = YXVideoViewController.h; sourceTree = "<group>"; };
		55FC847F1CB9351200E454A3 /* YXVideoViewController.m */ = {isa = PBXFileReference; fileEncoding = 4; lastKnownFileType = sourcecode.c.objc; path = YXVideoViewController.m; sourceTree = "<group>"; };
		55FC84811CB9355A00E454A3 /* YXVoiceViewController.h */ = {isa = PBXFileReference; fileEncoding = 4; lastKnownFileType = sourcecode.c.h; path = YXVoiceViewController.h; sourceTree = "<group>"; };
		55FC84821CB9355A00E454A3 /* YXVoiceViewController.m */ = {isa = PBXFileReference; fileEncoding = 4; lastKnownFileType = sourcecode.c.objc; path = YXVoiceViewController.m; sourceTree = "<group>"; };
		55FC84841CB9356A00E454A3 /* YXPictureViewController.h */ = {isa = PBXFileReference; fileEncoding = 4; lastKnownFileType = sourcecode.c.h; path = YXPictureViewController.h; sourceTree = "<group>"; };
		55FC84851CB9356A00E454A3 /* YXPictureViewController.m */ = {isa = PBXFileReference; fileEncoding = 4; lastKnownFileType = sourcecode.c.objc; path = YXPictureViewController.m; sourceTree = "<group>"; };
		55FC84871CB9357400E454A3 /* YXWordViewController.h */ = {isa = PBXFileReference; fileEncoding = 4; lastKnownFileType = sourcecode.c.h; path = YXWordViewController.h; sourceTree = "<group>"; };
		55FC84881CB9357400E454A3 /* YXWordViewController.m */ = {isa = PBXFileReference; fileEncoding = 4; lastKnownFileType = sourcecode.c.objc; path = YXWordViewController.m; sourceTree = "<group>"; };
		D54BE9B7026A9408BCDA07E5 /* Pods.release.xcconfig */ = {isa = PBXFileReference; includeInIndex = 1; lastKnownFileType = text.xcconfig; name = Pods.release.xcconfig; path = "Pods/Target Support Files/Pods/Pods.release.xcconfig"; sourceTree = "<group>"; };
		EBA455FE21AAC32182B36185 /* Pods.debug.xcconfig */ = {isa = PBXFileReference; includeInIndex = 1; lastKnownFileType = text.xcconfig; name = Pods.debug.xcconfig; path = "Pods/Target Support Files/Pods/Pods.debug.xcconfig"; sourceTree = "<group>"; };
/* End PBXFileReference section */

/* Begin PBXFrameworksBuildPhase section */
		55C3E6711CAD0A5800AA1FBF /* Frameworks */ = {
			isa = PBXFrameworksBuildPhase;
			buildActionMask = 2147483647;
			files = (
				5569CF041CB554CF006EB7A0 /* WebKit.framework in Frameworks */,
				8639905EB0378BB6E5CA8895 /* libPods.a in Frameworks */,
			);
			runOnlyForDeploymentPostprocessing = 0;
		};
/* End PBXFrameworksBuildPhase section */

/* Begin PBXGroup section */
		5505BCAF1CAF82C20063B97C /* Setting */ = {
			isa = PBXGroup;
			children = (
				5505BCB01CAF82C20063B97C /* Controller */,
				5505BCB11CAF82C20063B97C /* Model */,
				5505BCB21CAF82C20063B97C /* View */,
			);
			path = Setting;
			sourceTree = "<group>";
		};
		5505BCB01CAF82C20063B97C /* Controller */ = {
			isa = PBXGroup;
			children = (
				5505BCB31CAF82DC0063B97C /* YXSetttingViewController.h */,
				5505BCB41CAF82DC0063B97C /* YXSetttingViewController.m */,
			);
			path = Controller;
			sourceTree = "<group>";
		};
		5505BCB11CAF82C20063B97C /* Model */ = {
			isa = PBXGroup;
			children = (
			);
			path = Model;
			sourceTree = "<group>";
		};
		5505BCB21CAF82C20063B97C /* View */ = {
			isa = PBXGroup;
			children = (
			);
			path = View;
			sourceTree = "<group>";
		};
		5505BCBB1CAF870A0063B97C /* 启动图片 */ = {
			isa = PBXGroup;
			children = (
				5505BCBC1CAF870A0063B97C /* LaunchImage-568h@2x.png */,
				5505BCBD1CAF870A0063B97C /* LaunchImage-700-568h@2x.png */,
				5505BCBE1CAF870A0063B97C /* LaunchImage-700@2x.png */,
				5505BCBF1CAF870A0063B97C /* LaunchImage-800-667h@2x.png */,
				5505BCC01CAF870A0063B97C /* LaunchImage-800-Portrait-736h@3x.png */,
				5505BCC11CAF870A0063B97C /* LaunchImage.png */,
				5505BCC21CAF870A0063B97C /* LaunchImage@2x.png */,
			);
			path = "启动图片";
			sourceTree = "<group>";
		};
		55157DB71CB360C5000D37D1 /* AD(广告) */ = {
			isa = PBXGroup;
			children = (
				551DBD4B1CB3A12D00482B61 /* Controller */,
				551DBD4F1CB3A12D00482B61 /* Model */,
				551DBD501CB3A12D00482B61 /* View */,
			);
			path = "AD(广告)";
			sourceTree = "<group>";
		};
		55157DBD1CB3613E000D37D1 /* Tools */ = {
			isa = PBXGroup;
			children = (
				5569CEFF1CB53669006EB7A0 /* FileManager */,
				551DBD591CB3A2D100482B61 /* Category */,
				551DBD601CB3A2D100482B61 /* Const */,
				551DBD611CB3A2D100482B61 /* Networking */,
			);
			path = Tools;
			sourceTree = "<group>";
		};
		551DBD4B1CB3A12D00482B61 /* Controller */ = {
			isa = PBXGroup;
			children = (
				551DBD4C1CB3A12D00482B61 /* YXADViewController.h */,
				551DBD4D1CB3A12D00482B61 /* YXADViewController.m */,
				551DBD4E1CB3A12D00482B61 /* YXADViewController.xib */,
			);
			path = Controller;
			sourceTree = "<group>";
		};
		551DBD4F1CB3A12D00482B61 /* Model */ = {
			isa = PBXGroup;
			children = (
				551DBD531CB3A13D00482B61 /* YXADItem.h */,
				551DBD541CB3A13D00482B61 /* YXADItem.m */,
			);
			path = Model;
			sourceTree = "<group>";
		};
		551DBD501CB3A12D00482B61 /* View */ = {
			isa = PBXGroup;
			children = (
			);
			path = View;
			sourceTree = "<group>";
		};
		551DBD591CB3A2D100482B61 /* Category */ = {
			isa = PBXGroup;
			children = (
				551DBD791CB3DF8900482B61 /* UIImage+image.h */,
				551DBD7A1CB3DF8900482B61 /* UIImage+image.m */,
				551DBD5A1CB3A2D100482B61 /* UIBarButtonItem+YXItem.h */,
				551DBD5B1CB3A2D100482B61 /* UIBarButtonItem+YXItem.m */,
				551DBD5C1CB3A2D100482B61 /* UITableView+Extension.h */,
				551DBD5D1CB3A2D100482B61 /* UITableView+Extension.m */,
				551DBD5E1CB3A2D100482B61 /* UIView+Frame.h */,
				551DBD5F1CB3A2D100482B61 /* UIView+Frame.m */,
				5569CEED1CB51D61006EB7A0 /* UITextField+placeholder.h */,
				5569CEEE1CB51D61006EB7A0 /* UITextField+placeholder.m */,
			);
			path = Category;
			sourceTree = "<group>";
		};
		551DBD601CB3A2D100482B61 /* Const */ = {
			isa = PBXGroup;
			children = (
				551DBD6B1CB3A2E500482B61 /* YXConst.h */,
				551DBD6C1CB3A2E500482B61 /* YXConst.m */,
			);
			path = Const;
			sourceTree = "<group>";
		};
		551DBD611CB3A2D100482B61 /* Networking */ = {
			isa = PBXGroup;
			children = (
				551DBD621CB3A2D100482B61 /* YXHttpTool.h */,
				551DBD631CB3A2D100482B61 /* YXHttpTool.m */,
				551DBD641CB3A2D100482B61 /* YXRequestData.h */,
				551DBD651CB3A2D100482B61 /* YXRequestData.m */,
			);
			path = Networking;
			sourceTree = "<group>";
		};
		5569CEFF1CB53669006EB7A0 /* FileManager */ = {
			isa = PBXGroup;
			children = (
				5569CF001CB53675006EB7A0 /* YXFileManager.h */,
				5569CF011CB53675006EB7A0 /* YXFileManager.m */,
			);
			path = FileManager;
			sourceTree = "<group>";
		};
		55C289A51CAE2DF40092A897 /* View */ = {
			isa = PBXGroup;
			children = (
				55C289A61CAE2E1F0092A897 /* YXTabBar.h */,
				55C289A71CAE2E1F0092A897 /* YXTabBar.m */,
			);
			path = View;
			sourceTree = "<group>";
		};
		55C3E66B1CAD0A5700AA1FBF = {
			isa = PBXGroup;
			children = (
				55C3E6761CAD0A5800AA1FBF /* BuDeJie */,
				55C3E6751CAD0A5800AA1FBF /* Products */,
				79F5AE44EF91BD6E8FB31CB2 /* Pods */,
				6FD3F05E1F6AF591A0A73FAA /* Frameworks */,
			);
			sourceTree = "<group>";
		};
		55C3E6751CAD0A5800AA1FBF /* Products */ = {
			isa = PBXGroup;
			children = (
				55C3E6741CAD0A5800AA1FBF /* BuDeJie.app */,
			);
			name = Products;
			sourceTree = "<group>";
		};
		55C3E6761CAD0A5800AA1FBF /* BuDeJie */ = {
			isa = PBXGroup;
			children = (
				55C3E68E1CAD0BC500AA1FBF /* Classes */,
				55C3E6771CAD0A5800AA1FBF /* Supporting Files */,
			);
			path = BuDeJie;
			sourceTree = "<group>";
		};
		55C3E6771CAD0A5800AA1FBF /* Supporting Files */ = {
			isa = PBXGroup;
			children = (
				5505BCBB1CAF870A0063B97C /* 启动图片 */,
				55C3E6831CAD0A5800AA1FBF /* Assets.xcassets */,
				55C3E6921CAD1E8000AA1FBF /* AppDelegate.h */,
				55C3E6931CAD1E8000AA1FBF /* AppDelegate.m */,
				55C3E6941CAD1E8000AA1FBF /* main.m */,
				55C3E69E1CAD2BF300AA1FBF /* YXBuDeJie.pch */,
				55C3E6881CAD0A5800AA1FBF /* Info.plist */,
			);
			name = "Supporting Files";
			sourceTree = "<group>";
		};
		55C3E68E1CAD0BC500AA1FBF /* Classes */ = {
			isa = PBXGroup;
			children = (
				5505BCAF1CAF82C20063B97C /* Setting */,
				55C3E6A61CAD2E8E00AA1FBF /* Essence(精华) */,
				55C3E6B21CAD2E8E00AA1FBF /* New(新帖) */,
				55C3E6B61CAD2E8E00AA1FBF /* Publish(发布) */,
				55C3E6AA1CAD2E8E00AA1FBF /* FriendTrends(关注) */,
				55C3E6AE1CAD2E8E00AA1FBF /* Me(我) */,
				55C3E68F1CAD0BC500AA1FBF /* Main(主要) */,
				55C3E6901CAD0BC500AA1FBF /* Others(其他) */,
			);
			path = Classes;
			sourceTree = "<group>";
		};
		55C3E68F1CAD0BC500AA1FBF /* Main(主要) */ = {
			isa = PBXGroup;
			children = (
				55C3E6971CAD2AE500AA1FBF /* Controller */,
				55C289A51CAE2DF40092A897 /* View */,
			);
			name = "Main(主要)";
			path = Main;
			sourceTree = "<group>";
		};
		55C3E6901CAD0BC500AA1FBF /* Others(其他) */ = {
			isa = PBXGroup;
			children = (
				55157DBD1CB3613E000D37D1 /* Tools */,
				55157DB71CB360C5000D37D1 /* AD(广告) */,
			);
			name = "Others(其他)";
			path = Others;
			sourceTree = "<group>";
		};
		55C3E6971CAD2AE500AA1FBF /* Controller */ = {
			isa = PBXGroup;
			children = (
				55C3E6981CAD2B0700AA1FBF /* YXNavigationController.h */,
				55C3E6991CAD2B0700AA1FBF /* YXNavigationController.m */,
				55C3E69B1CAD2B1D00AA1FBF /* YXTabBarController.h */,
				55C3E69C1CAD2B1D00AA1FBF /* YXTabBarController.m */,
			);
			path = Controller;
			sourceTree = "<group>";
		};
		55C3E6A61CAD2E8E00AA1FBF /* Essence(精华) */ = {
			isa = PBXGroup;
			children = (
				55C3E6A71CAD2E8E00AA1FBF /* Controller */,
				55C3E6A81CAD2E8E00AA1FBF /* Model */,
				55C3E6A91CAD2E8E00AA1FBF /* View */,
			);
			name = "Essence(精华)";
			path = Essence;
			sourceTree = "<group>";
		};
		55C3E6A71CAD2E8E00AA1FBF /* Controller */ = {
			isa = PBXGroup;
			children = (
				55C3E6BD1CAD317300AA1FBF /* YXEssenceViewController.h */,
				55C3E6BE1CAD317300AA1FBF /* YXEssenceViewController.m */,
				55FC84781CB934F000E454A3 /* YXBaseTableViewController.h */,
				55FC84791CB934F000E454A3 /* YXBaseTableViewController.m */,
				55FC847B1CB9350200E454A3 /* YXAllViewController.h */,
				55FC847C1CB9350200E454A3 /* YXAllViewController.m */,
				55FC847E1CB9351200E454A3 /* YXVideoViewController.h */,
				55FC847F1CB9351200E454A3 /* YXVideoViewController.m */,
				55FC84811CB9355A00E454A3 /* YXVoiceViewController.h */,
				55FC84821CB9355A00E454A3 /* YXVoiceViewController.m */,
				55FC84841CB9356A00E454A3 /* YXPictureViewController.h */,
				55FC84851CB9356A00E454A3 /* YXPictureViewController.m */,
				55FC84871CB9357400E454A3 /* YXWordViewController.h */,
				55FC84881CB9357400E454A3 /* YXWordViewController.m */,
			);
			path = Controller;
			sourceTree = "<group>";
		};
		55C3E6A81CAD2E8E00AA1FBF /* Model */ = {
			isa = PBXGroup;
			children = (
			);
			path = Model;
			sourceTree = "<group>";
		};
		55C3E6A91CAD2E8E00AA1FBF /* View */ = {
			isa = PBXGroup;
			children = (
				55FC84751CB9175F00E454A3 /* YXTitleViewButton.h */,
				55FC84761CB9175F00E454A3 /* YXTitleViewButton.m */,
			);
			path = View;
			sourceTree = "<group>";
		};
		55C3E6AA1CAD2E8E00AA1FBF /* FriendTrends(关注) */ = {
			isa = PBXGroup;
			children = (
				55C3E6AB1CAD2E8E00AA1FBF /* Controller */,
				55C3E6AC1CAD2E8E00AA1FBF /* Model */,
				55C3E6AD1CAD2E8E00AA1FBF /* View */,
			);
			name = "FriendTrends(关注)";
			path = FriendTrends;
			sourceTree = "<group>";
		};
		55C3E6AB1CAD2E8E00AA1FBF /* Controller */ = {
			isa = PBXGroup;
			children = (
				55C3E6C01CAD31D800AA1FBF /* YXFriendTrendsViewController.h */,
				55C3E6C11CAD31D800AA1FBF /* YXFriendTrendsViewController.m */,
				551DBD7C1CB3E3C000482B61 /* YXFriendTrendsViewController.xib */,
				551DBD7E1CB3E56D00482B61 /* YXLoginRegisterViewController.h */,
				551DBD7F1CB3E56D00482B61 /* YXLoginRegisterViewController.m */,
				551DBD801CB3E56D00482B61 /* YXLoginRegisterViewController.xib */,
			);
			path = Controller;
			sourceTree = "<group>";
		};
		55C3E6AC1CAD2E8E00AA1FBF /* Model */ = {
			isa = PBXGroup;
			children = (
			);
			path = Model;
			sourceTree = "<group>";
		};
		55C3E6AD1CAD2E8E00AA1FBF /* View */ = {
			isa = PBXGroup;
			children = (
				551DBD831CB3EBDD00482B61 /* YXLoginRegisterView.h */,
				551DBD841CB3EBDD00482B61 /* YXLoginRegisterView.m */,
				551DBD861CB3EBE700482B61 /* YXLoginRegisterView.xib */,
				55EDE50C1CB4A47D00A53A49 /* YXLoginTextField.h */,
				55EDE50D1CB4A47D00A53A49 /* YXLoginTextField.m */,
			);
			path = View;
			sourceTree = "<group>";
		};
		55C3E6AE1CAD2E8E00AA1FBF /* Me(我) */ = {
			isa = PBXGroup;
			children = (
				55C3E6AF1CAD2E8E00AA1FBF /* Controller */,
				55C3E6B01CAD2E8E00AA1FBF /* Model */,
				55C3E6B11CAD2E8E00AA1FBF /* View */,
			);
			name = "Me(我)";
			path = Me;
			sourceTree = "<group>";
		};
		55C3E6AF1CAD2E8E00AA1FBF /* Controller */ = {
			isa = PBXGroup;
			children = (
				55C3E6C31CAD31E000AA1FBF /* YXMeViewController.h */,
				55C3E6C41CAD31E000AA1FBF /* YXMeViewController.m */,
				5569CEF01CB5201F006EB7A0 /* YXMeViewController.storyboard */,
				5569CEFA1CB52E08006EB7A0 /* YXWebViewController.h */,
				5569CEFB1CB52E08006EB7A0 /* YXWebViewController.m */,
				5569CEFC1CB52E08006EB7A0 /* YXWebViewController.xib */,
			);
			path = Controller;
			sourceTree = "<group>";
		};
		55C3E6B01CAD2E8E00AA1FBF /* Model */ = {
			isa = PBXGroup;
			children = (
				5569CEF71CB527D2006EB7A0 /* YXMeSquareItem.h */,
				5569CEF81CB527D2006EB7A0 /* YXMeSquareItem.m */,
			);
			path = Model;
			sourceTree = "<group>";
		};
		55C3E6B11CAD2E8E00AA1FBF /* View */ = {
			isa = PBXGroup;
			children = (
				5569CEF21CB52300006EB7A0 /* YXMeSquareCell.h */,
				5569CEF31CB52300006EB7A0 /* YXMeSquareCell.m */,
				5569CEF41CB52300006EB7A0 /* YXMeSquareCell.xib */,
			);
			path = View;
			sourceTree = "<group>";
		};
		55C3E6B21CAD2E8E00AA1FBF /* New(新帖) */ = {
			isa = PBXGroup;
			children = (
				55C3E6B31CAD2E8E00AA1FBF /* Controller */,
				55C3E6B41CAD2E8E00AA1FBF /* Model */,
				55C3E6B51CAD2E8E00AA1FBF /* View */,
			);
			name = "New(新帖)";
			path = New;
			sourceTree = "<group>";
		};
		55C3E6B31CAD2E8E00AA1FBF /* Controller */ = {
			isa = PBXGroup;
			children = (
				55C3E6C61CAD31E700AA1FBF /* YXNewViewController.h */,
				55C3E6C71CAD31E700AA1FBF /* YXNewViewController.m */,
				551DBD6E1CB3D02800482B61 /* YXSubscribeTagViewController.h */,
				551DBD6F1CB3D02800482B61 /* YXSubscribeTagViewController.m */,
				551DBD711CB3D0B500482B61 /* YXSubscribeTagViewController.storyboard */,
			);
			path = Controller;
			sourceTree = "<group>";
		};
		55C3E6B41CAD2E8E00AA1FBF /* Model */ = {
			isa = PBXGroup;
			children = (
				551DBD731CB3D2BC00482B61 /* YXSubscribeTagItem.h */,
				551DBD741CB3D2BC00482B61 /* YXSubscribeTagItem.m */,
			);
			path = Model;
			sourceTree = "<group>";
		};
		55C3E6B51CAD2E8E00AA1FBF /* View */ = {
			isa = PBXGroup;
			children = (
				551DBD761CB3D41300482B61 /* YXSubscribeTagCell.h */,
				551DBD771CB3D41300482B61 /* YXSubscribeTagCell.m */,
			);
			path = View;
			sourceTree = "<group>";
		};
		55C3E6B61CAD2E8E00AA1FBF /* Publish(发布) */ = {
			isa = PBXGroup;
			children = (
				55C3E6B71CAD2E8E00AA1FBF /* Controller */,
				55C3E6B81CAD2E8E00AA1FBF /* Model */,
				55C3E6B91CAD2E8E00AA1FBF /* View */,
			);
			name = "Publish(发布)";
			path = Publish;
			sourceTree = "<group>";
		};
		55C3E6B71CAD2E8E00AA1FBF /* Controller */ = {
			isa = PBXGroup;
			children = (
				55C3E6C91CAD320700AA1FBF /* YXPublishViewController.h */,
				55C3E6CA1CAD320700AA1FBF /* YXPublishViewController.m */,
			);
			path = Controller;
			sourceTree = "<group>";
		};
		55C3E6B81CAD2E8E00AA1FBF /* Model */ = {
			isa = PBXGroup;
			children = (
			);
			path = Model;
			sourceTree = "<group>";
		};
		55C3E6B91CAD2E8E00AA1FBF /* View */ = {
			isa = PBXGroup;
			children = (
			);
			path = View;
			sourceTree = "<group>";
		};
		6FD3F05E1F6AF591A0A73FAA /* Frameworks */ = {
			isa = PBXGroup;
			children = (
				5569CF031CB554CF006EB7A0 /* WebKit.framework */,
				16E1B0973FB608558841686A /* libPods.a */,
			);
			name = Frameworks;
			sourceTree = "<group>";
		};
		79F5AE44EF91BD6E8FB31CB2 /* Pods */ = {
			isa = PBXGroup;
			children = (
				EBA455FE21AAC32182B36185 /* Pods.debug.xcconfig */,
				D54BE9B7026A9408BCDA07E5 /* Pods.release.xcconfig */,
			);
			name = Pods;
			sourceTree = "<group>";
		};
/* End PBXGroup section */

/* Begin PBXNativeTarget section */
		55C3E6731CAD0A5800AA1FBF /* BuDeJie */ = {
			isa = PBXNativeTarget;
			buildConfigurationList = 55C3E68B1CAD0A5800AA1FBF /* Build configuration list for PBXNativeTarget "BuDeJie" */;
			buildPhases = (
				950C35012F68EEF22968B5C7 /* Check Pods Manifest.lock */,
				55C3E6701CAD0A5800AA1FBF /* Sources */,
				55C3E6711CAD0A5800AA1FBF /* Frameworks */,
				55C3E6721CAD0A5800AA1FBF /* Resources */,
				19208E874279C0D82352AF14 /* Embed Pods Frameworks */,
				E1466D615566F89EBA72B027 /* Copy Pods Resources */,
			);
			buildRules = (
			);
			dependencies = (
			);
			name = BuDeJie;
			productName = BuDeJie;
			productReference = 55C3E6741CAD0A5800AA1FBF /* BuDeJie.app */;
			productType = "com.apple.product-type.application";
		};
/* End PBXNativeTarget section */

/* Begin PBXProject section */
		55C3E66C1CAD0A5700AA1FBF /* Project object */ = {
			isa = PBXProject;
			attributes = {
				CLASSPREFIX = YX;
				LastUpgradeCheck = 0730;
				ORGANIZATIONNAME = "任玉祥";
				TargetAttributes = {
					55C3E6731CAD0A5800AA1FBF = {
						CreatedOnToolsVersion = 7.3;
						DevelopmentTeam = XJPMR8FRF3;
					};
				};
			};
			buildConfigurationList = 55C3E66F1CAD0A5700AA1FBF /* Build configuration list for PBXProject "BuDeJie" */;
			compatibilityVersion = "Xcode 3.2";
			developmentRegion = English;
			hasScannedForEncodings = 0;
			knownRegions = (
				en,
				Base,
			);
			mainGroup = 55C3E66B1CAD0A5700AA1FBF;
			productRefGroup = 55C3E6751CAD0A5800AA1FBF /* Products */;
			projectDirPath = "";
			projectRoot = "";
			targets = (
				55C3E6731CAD0A5800AA1FBF /* BuDeJie */,
			);
		};
/* End PBXProject section */

/* Begin PBXResourcesBuildPhase section */
		55C3E6721CAD0A5800AA1FBF /* Resources */ = {
			isa = PBXResourcesBuildPhase;
			buildActionMask = 2147483647;
			files = (
				551DBD721CB3D0B500482B61 /* YXSubscribeTagViewController.storyboard in Resources */,
				5505BCC41CAF870A0063B97C /* LaunchImage-700-568h@2x.png in Resources */,
				551DBD871CB3EBE700482B61 /* YXLoginRegisterView.xib in Resources */,
				5505BCC81CAF870A0063B97C /* LaunchImage.png in Resources */,
				55C3E6841CAD0A5800AA1FBF /* Assets.xcassets in Resources */,
				551DBD821CB3E56D00482B61 /* YXLoginRegisterViewController.xib in Resources */,
				5569CEFE1CB52E08006EB7A0 /* YXWebViewController.xib in Resources */,
				551DBD7D1CB3E3C000482B61 /* YXFriendTrendsViewController.xib in Resources */,
				5569CEF61CB52300006EB7A0 /* YXMeSquareCell.xib in Resources */,
				5505BCC51CAF870A0063B97C /* LaunchImage-700@2x.png in Resources */,
				5569CEF11CB5201F006EB7A0 /* YXMeViewController.storyboard in Resources */,
				5505BCC71CAF870A0063B97C /* LaunchImage-800-Portrait-736h@3x.png in Resources */,
				551DBD521CB3A12D00482B61 /* YXADViewController.xib in Resources */,
				5505BCC31CAF870A0063B97C /* LaunchImage-568h@2x.png in Resources */,
				5505BCC61CAF870A0063B97C /* LaunchImage-800-667h@2x.png in Resources */,
				5505BCC91CAF870A0063B97C /* LaunchImage@2x.png in Resources */,
			);
			runOnlyForDeploymentPostprocessing = 0;
		};
/* End PBXResourcesBuildPhase section */

/* Begin PBXShellScriptBuildPhase section */
		19208E874279C0D82352AF14 /* Embed Pods Frameworks */ = {
			isa = PBXShellScriptBuildPhase;
			buildActionMask = 2147483647;
			files = (
			);
			inputPaths = (
			);
			name = "Embed Pods Frameworks";
			outputPaths = (
			);
			runOnlyForDeploymentPostprocessing = 0;
			shellPath = /bin/sh;
			shellScript = "\"${SRCROOT}/Pods/Target Support Files/Pods/Pods-frameworks.sh\"\n";
			showEnvVarsInLog = 0;
		};
		950C35012F68EEF22968B5C7 /* Check Pods Manifest.lock */ = {
			isa = PBXShellScriptBuildPhase;
			buildActionMask = 2147483647;
			files = (
			);
			inputPaths = (
			);
			name = "Check Pods Manifest.lock";
			outputPaths = (
			);
			runOnlyForDeploymentPostprocessing = 0;
			shellPath = /bin/sh;
			shellScript = "diff \"${PODS_ROOT}/../Podfile.lock\" \"${PODS_ROOT}/Manifest.lock\" > /dev/null\nif [[ $? != 0 ]] ; then\n    cat << EOM\nerror: The sandbox is not in sync with the Podfile.lock. Run 'pod install' or update your CocoaPods installation.\nEOM\n    exit 1\nfi\n";
			showEnvVarsInLog = 0;
		};
		E1466D615566F89EBA72B027 /* Copy Pods Resources */ = {
			isa = PBXShellScriptBuildPhase;
			buildActionMask = 2147483647;
			files = (
			);
			inputPaths = (
			);
			name = "Copy Pods Resources";
			outputPaths = (
			);
			runOnlyForDeploymentPostprocessing = 0;
			shellPath = /bin/sh;
			shellScript = "\"${SRCROOT}/Pods/Target Support Files/Pods/Pods-resources.sh\"\n";
			showEnvVarsInLog = 0;
		};
/* End PBXShellScriptBuildPhase section */

/* Begin PBXSourcesBuildPhase section */
		55C3E6701CAD0A5800AA1FBF /* Sources */ = {
			isa = PBXSourcesBuildPhase;
			buildActionMask = 2147483647;
			files = (
				55C3E6BF1CAD317300AA1FBF /* YXEssenceViewController.m in Sources */,
				55FC847A1CB934F000E454A3 /* YXBaseTableViewController.m in Sources */,
				5569CEEF1CB51D61006EB7A0 /* UITextField+placeholder.m in Sources */,
				55C3E6C21CAD31D800AA1FBF /* YXFriendTrendsViewController.m in Sources */,
				551DBD7B1CB3DF8900482B61 /* UIImage+image.m in Sources */,
				551DBD781CB3D41300482B61 /* YXSubscribeTagCell.m in Sources */,
				551DBD691CB3A2D100482B61 /* YXHttpTool.m in Sources */,
				5505BCB51CAF82DC0063B97C /* YXSetttingViewController.m in Sources */,
				551DBD6A1CB3A2D100482B61 /* YXRequestData.m in Sources */,
				551DBD511CB3A12D00482B61 /* YXADViewController.m in Sources */,
				551DBD811CB3E56D00482B61 /* YXLoginRegisterViewController.m in Sources */,
				55C3E69D1CAD2B1D00AA1FBF /* YXTabBarController.m in Sources */,
				55FC84831CB9355A00E454A3 /* YXVoiceViewController.m in Sources */,
				551DBD701CB3D02800482B61 /* YXSubscribeTagViewController.m in Sources */,
				551DBD671CB3A2D100482B61 /* UITableView+Extension.m in Sources */,
				55C3E6C51CAD31E000AA1FBF /* YXMeViewController.m in Sources */,
				55C3E6C81CAD31E700AA1FBF /* YXNewViewController.m in Sources */,
				55FC84891CB9357400E454A3 /* YXWordViewController.m in Sources */,
				5569CEF51CB52300006EB7A0 /* YXMeSquareCell.m in Sources */,
				5569CF021CB53675006EB7A0 /* YXFileManager.m in Sources */,
				551DBD681CB3A2D100482B61 /* UIView+Frame.m in Sources */,
				551DBD851CB3EBDD00482B61 /* YXLoginRegisterView.m in Sources */,
				55C3E6CB1CAD320700AA1FBF /* YXPublishViewController.m in Sources */,
				551DBD661CB3A2D100482B61 /* UIBarButtonItem+YXItem.m in Sources */,
				5569CEF91CB527D2006EB7A0 /* YXMeSquareItem.m in Sources */,
				551DBD551CB3A13D00482B61 /* YXADItem.m in Sources */,
				55C3E69A1CAD2B0700AA1FBF /* YXNavigationController.m in Sources */,
				55FC84861CB9356A00E454A3 /* YXPictureViewController.m in Sources */,
				55FC84771CB9175F00E454A3 /* YXTitleViewButton.m in Sources */,
				551DBD6D1CB3A2E500482B61 /* YXConst.m in Sources */,
				55FC847D1CB9350200E454A3 /* YXAllViewController.m in Sources */,
				55FC84801CB9351200E454A3 /* YXVideoViewController.m in Sources */,
				5569CEFD1CB52E08006EB7A0 /* YXWebViewController.m in Sources */,
				55C3E6961CAD1E8000AA1FBF /* main.m in Sources */,
				551DBD751CB3D2BC00482B61 /* YXSubscribeTagItem.m in Sources */,
				55C289A81CAE2E1F0092A897 /* YXTabBar.m in Sources */,
				55EDE50E1CB4A47D00A53A49 /* YXLoginTextField.m in Sources */,
				55C3E6951CAD1E8000AA1FBF /* AppDelegate.m in Sources */,
			);
			runOnlyForDeploymentPostprocessing = 0;
		};
/* End PBXSourcesBuildPhase section */

/* Begin XCBuildConfiguration section */
		55C3E6891CAD0A5800AA1FBF /* Debug */ = {
			isa = XCBuildConfiguration;
			buildSettings = {
				ALWAYS_SEARCH_USER_PATHS = NO;
				CLANG_ANALYZER_NONNULL = YES;
				CLANG_CXX_LANGUAGE_STANDARD = "gnu++0x";
				CLANG_CXX_LIBRARY = "libc++";
				CLANG_ENABLE_MODULES = YES;
				CLANG_ENABLE_OBJC_ARC = YES;
				CLANG_WARN_BOOL_CONVERSION = YES;
				CLANG_WARN_CONSTANT_CONVERSION = YES;
				CLANG_WARN_DIRECT_OBJC_ISA_USAGE = YES_ERROR;
				CLANG_WARN_EMPTY_BODY = YES;
				CLANG_WARN_ENUM_CONVERSION = YES;
				CLANG_WARN_INT_CONVERSION = YES;
				CLANG_WARN_OBJC_ROOT_CLASS = YES_ERROR;
				CLANG_WARN_UNREACHABLE_CODE = YES;
				CLANG_WARN__DUPLICATE_METHOD_MATCH = YES;
				"CODE_SIGN_IDENTITY[sdk=iphoneos*]" = "iPhone Developer";
				COPY_PHASE_STRIP = NO;
				DEBUG_INFORMATION_FORMAT = dwarf;
				ENABLE_STRICT_OBJC_MSGSEND = YES;
				ENABLE_TESTABILITY = YES;
				GCC_C_LANGUAGE_STANDARD = gnu99;
				GCC_DYNAMIC_NO_PIC = NO;
				GCC_NO_COMMON_BLOCKS = YES;
				GCC_OPTIMIZATION_LEVEL = 0;
				GCC_PREPROCESSOR_DEFINITIONS = (
					"DEBUG=1",
					"$(inherited)",
				);
				GCC_WARN_64_TO_32_BIT_CONVERSION = YES;
				GCC_WARN_ABOUT_RETURN_TYPE = YES_ERROR;
				GCC_WARN_UNDECLARED_SELECTOR = YES;
				GCC_WARN_UNINITIALIZED_AUTOS = YES_AGGRESSIVE;
				GCC_WARN_UNUSED_FUNCTION = YES;
				GCC_WARN_UNUSED_VARIABLE = YES;
				IPHONEOS_DEPLOYMENT_TARGET = 9.3;
				MTL_ENABLE_DEBUG_INFO = YES;
				ONLY_ACTIVE_ARCH = YES;
				SDKROOT = iphoneos;
			};
			name = Debug;
		};
		55C3E68A1CAD0A5800AA1FBF /* Release */ = {
			isa = XCBuildConfiguration;
			buildSettings = {
				ALWAYS_SEARCH_USER_PATHS = NO;
				CLANG_ANALYZER_NONNULL = YES;
				CLANG_CXX_LANGUAGE_STANDARD = "gnu++0x";
				CLANG_CXX_LIBRARY = "libc++";
				CLANG_ENABLE_MODULES = YES;
				CLANG_ENABLE_OBJC_ARC = YES;
				CLANG_WARN_BOOL_CONVERSION = YES;
				CLANG_WARN_CONSTANT_CONVERSION = YES;
				CLANG_WARN_DIRECT_OBJC_ISA_USAGE = YES_ERROR;
				CLANG_WARN_EMPTY_BODY = YES;
				CLANG_WARN_ENUM_CONVERSION = YES;
				CLANG_WARN_INT_CONVERSION = YES;
				CLANG_WARN_OBJC_ROOT_CLASS = YES_ERROR;
				CLANG_WARN_UNREACHABLE_CODE = YES;
				CLANG_WARN__DUPLICATE_METHOD_MATCH = YES;
				"CODE_SIGN_IDENTITY[sdk=iphoneos*]" = "iPhone Developer";
				COPY_PHASE_STRIP = NO;
				DEBUG_INFORMATION_FORMAT = "dwarf-with-dsym";
				ENABLE_NS_ASSERTIONS = NO;
				ENABLE_STRICT_OBJC_MSGSEND = YES;
				GCC_C_LANGUAGE_STANDARD = gnu99;
				GCC_NO_COMMON_BLOCKS = YES;
				GCC_WARN_64_TO_32_BIT_CONVERSION = YES;
				GCC_WARN_ABOUT_RETURN_TYPE = YES_ERROR;
				GCC_WARN_UNDECLARED_SELECTOR = YES;
				GCC_WARN_UNINITIALIZED_AUTOS = YES_AGGRESSIVE;
				GCC_WARN_UNUSED_FUNCTION = YES;
				GCC_WARN_UNUSED_VARIABLE = YES;
				IPHONEOS_DEPLOYMENT_TARGET = 9.3;
				MTL_ENABLE_DEBUG_INFO = NO;
				SDKROOT = iphoneos;
				VALIDATE_PRODUCT = YES;
			};
			name = Release;
		};
		55C3E68C1CAD0A5800AA1FBF /* Debug */ = {
			isa = XCBuildConfiguration;
			baseConfigurationReference = EBA455FE21AAC32182B36185 /* Pods.debug.xcconfig */;
			buildSettings = {
				ASSETCATALOG_COMPILER_APPICON_NAME = AppIcon;
				ASSETCATALOG_COMPILER_LAUNCHIMAGE_NAME = "Brand Assets";
				CODE_SIGN_IDENTITY = "iPhone Developer";
				GCC_PREFIX_HEADER = BuDeJie/YXBuDeJie.pch;
				INFOPLIST_FILE = BuDeJie/Info.plist;
				IPHONEOS_DEPLOYMENT_TARGET = 8.0;
				LD_RUNPATH_SEARCH_PATHS = "$(inherited) @executable_path/Frameworks";
				PRODUCT_BUNDLE_IDENTIFIER = ren.yuxiang.BuDeJie;
				PRODUCT_NAME = "$(TARGET_NAME)";
				USER_HEADER_SEARCH_PATHS = "${SRCROOT}/**";
			};
			name = Debug;
		};
		55C3E68D1CAD0A5800AA1FBF /* Release */ = {
			isa = XCBuildConfiguration;
			baseConfigurationReference = D54BE9B7026A9408BCDA07E5 /* Pods.release.xcconfig */;
			buildSettings = {
				ASSETCATALOG_COMPILER_APPICON_NAME = AppIcon;
				ASSETCATALOG_COMPILER_LAUNCHIMAGE_NAME = "Brand Assets";
				CODE_SIGN_IDENTITY = "iPhone Developer";
				GCC_PREFIX_HEADER = BuDeJie/YXBuDeJie.pch;
				INFOPLIST_FILE = BuDeJie/Info.plist;
				IPHONEOS_DEPLOYMENT_TARGET = 8.0;
				LD_RUNPATH_SEARCH_PATHS = "$(inherited) @executable_path/Frameworks";
				PRODUCT_BUNDLE_IDENTIFIER = ren.yuxiang.BuDeJie;
				PRODUCT_NAME = "$(TARGET_NAME)";
				USER_HEADER_SEARCH_PATHS = "${SRCROOT}/**";
			};
			name = Release;
		};
/* End XCBuildConfiguration section */

/* Begin XCConfigurationList section */
		55C3E66F1CAD0A5700AA1FBF /* Build configuration list for PBXProject "BuDeJie" */ = {
			isa = XCConfigurationList;
			buildConfigurations = (
				55C3E6891CAD0A5800AA1FBF /* Debug */,
				55C3E68A1CAD0A5800AA1FBF /* Release */,
			);
			defaultConfigurationIsVisible = 0;
			defaultConfigurationName = Release;
		};
		55C3E68B1CAD0A5800AA1FBF /* Build configuration list for PBXNativeTarget "BuDeJie" */ = {
			isa = XCConfigurationList;
			buildConfigurations = (
				55C3E68C1CAD0A5800AA1FBF /* Debug */,
				55C3E68D1CAD0A5800AA1FBF /* Release */,
			);
			defaultConfigurationIsVisible = 0;
			defaultConfigurationName = Release;
		};
/* End XCConfigurationList section */
	};
	rootObject = 55C3E66C1CAD0A5700AA1FBF /* Project object */;
}
